
Microsoft Visual Studio Solution File, Format Version 12.00
# Visual Studio 15
VisualStudioVersion = 15.0.28307.271
MinimumVisualStudioVersion = 10.0.40219.1
Project("{FAE04EC0-301F-11D3-BF4B-00C04F79EFBC}") = "CashRegister.Web", "CashRegister.Web\CashRegister.Web.csproj", "{981FA24B-9F70-4B8B-9048-0010C031A265}"
EndProject
Project("{FAE04EC0-301F-11D3-BF4B-00C04F79EFBC}") = "CashRegister.Data", "CashRegister.Data\CashRegister.Data.csproj", "{C7558FF5-FEE3-40B0-A68A-4435841FCF29}"
EndProject
Project("{FAE04EC0-301F-11D3-BF4B-00C04F79EFBC}") = "CashRegister.Domain", "CashRegister.Domain\CashRegister.Domain.csproj", "{EF7675EF-38E3-47FA-97A3-20D0716548BE}"
EndProject
Global
	GlobalSection(SolutionConfigurationPlatforms) = preSolution
		Debug|Any CPU = Debug|Any CPU
		Release|Any CPU = Release|Any CPU
	EndGlobalSection
	GlobalSection(ProjectConfigurationPlatforms) = postSolution
		{981FA24B-9F70-4B8B-9048-0010C031A265}.Debug|Any CPU.ActiveCfg = Debug|Any CPU
		{981FA24B-9F70-4B8B-9048-0010C031A265}.Debug|Any CPU.Build.0 = Debug|Any CPU
		{981FA24B-9F70-4B8B-9048-0010C031A265}.Release|Any CPU.ActiveCfg = Release|Any CPU
		{981FA24B-9F70-4B8B-9048-0010C031A265}.Release|Any CPU.Build.0 = Release|Any CPU
		{C7558FF5-FEE3-40B0-A68A-4435841FCF29}.Debug|Any CPU.ActiveCfg = Debug|Any CPU
		{C7558FF5-FEE3-40B0-A68A-4435841FCF29}.Debug|Any CPU.Build.0 = Debug|Any CPU
		{C7558FF5-FEE3-40B0-A68A-4435841FCF29}.Release|Any CPU.ActiveCfg = Release|Any CPU
		{C7558FF5-FEE3-40B0-A68A-4435841FCF29}.Release|Any CPU.Build.0 = Release|Any CPU
		{EF7675EF-38E3-47FA-97A3-20D0716548BE}.Debug|Any CPU.ActiveCfg = Debug|Any CPU
		{EF7675EF-38E3-47FA-97A3-20D0716548BE}.Debug|Any CPU.Build.0 = Debug|Any CPU
		{EF7675EF-38E3-47FA-97A3-20D0716548BE}.Release|Any CPU.ActiveCfg = Release|Any CPU
		{EF7675EF-38E3-47FA-97A3-20D0716548BE}.Release|Any CPU.Build.0 = Release|Any CPU
	EndGlobalSection
	GlobalSection(SolutionProperties) = preSolution
		HideSolutionNode = FALSE
	EndGlobalSection
	GlobalSection(ExtensibilityGlobals) = postSolution
		SolutionGuid = {3D23BC47-8250-4277-A299-69DE73E1E500}
	EndGlobalSection
EndGlobal
